
Microsoft Visual Studio Solution File, Format Version 12.00
# Visual Studio Version 17
VisualStudioVersion = 17.0.31903.59
MinimumVisualStudioVersion = 10.0.40219.1
Project("{FAE04EC0-301F-11D3-BF4B-00C04F79EFBC}") = "GUI", "GUI\GUI.csproj", "{492DDF84-9778-41D8-A813-8718687D16C3}"
EndProject
Project("{FAE04EC0-301F-11D3-BF4B-00C04F79EFBC}") = "BUS", "BUS\BUS.csproj", "{E5CD2ABF-8F58-4A1F-9270-C2923511F292}"
EndProject
Project("{FAE04EC0-301F-11D3-BF4B-00C04F79EFBC}") = "DAL", "DAL\DAL.csproj", "{C6038710-A0A9-4891-AE86-29053880183F}"
EndProject
Project("{FAE04EC0-301F-11D3-BF4B-00C04F79EFBC}") = "DTO", "DTO\DTO.csproj", "{5D862C96-3215-4BFC-B8C8-AD3F4C4E36A5}"
EndProject
Project("{FAE04EC0-301F-11D3-BF4B-00C04F79EFBC}") = "ET", "ET\ET.csproj", "{85CBC1D5-E0A1-42D4-B050-3FF84EDD80A3}"
EndProject
Global
	GlobalSection(SolutionConfigurationPlatforms) = preSolution
		Debug|Any CPU = Debug|Any CPU
		Debug|x64 = Debug|x64
		Debug|x86 = Debug|x86
		Release|Any CPU = Release|Any CPU
		Release|x64 = Release|x64
		Release|x86 = Release|x86
	EndGlobalSection
	GlobalSection(ProjectConfigurationPlatforms) = postSolution
		{492DDF84-9778-41D8-A813-8718687D16C3}.Debug|Any CPU.ActiveCfg = Debug|Any CPU
		{492DDF84-9778-41D8-A813-8718687D16C3}.Debug|Any CPU.Build.0 = Debug|Any CPU
		{492DDF84-9778-41D8-A813-8718687D16C3}.Debug|x64.ActiveCfg = Debug|Any CPU
		{492DDF84-9778-41D8-A813-8718687D16C3}.Debug|x64.Build.0 = Debug|Any CPU
		{492DDF84-9778-41D8-A813-8718687D16C3}.Debug|x86.ActiveCfg = Debug|Any CPU
		{492DDF84-9778-41D8-A813-8718687D16C3}.Debug|x86.Build.0 = Debug|Any CPU
		{492DDF84-9778-41D8-A813-8718687D16C3}.Release|Any CPU.ActiveCfg = Release|Any CPU
		{492DDF84-9778-41D8-A813-8718687D16C3}.Release|Any CPU.Build.0 = Release|Any CPU
		{492DDF84-9778-41D8-A813-8718687D16C3}.Release|x64.ActiveCfg = Release|Any CPU
		{492DDF84-9778-41D8-A813-8718687D16C3}.Release|x64.Build.0 = Release|Any CPU
		{492DDF84-9778-41D8-A813-8718687D16C3}.Release|x86.ActiveCfg = Release|Any CPU
		{492DDF84-9778-41D8-A813-8718687D16C3}.Release|x86.Build.0 = Release|Any CPU
		{E5CD2ABF-8F58-4A1F-9270-C2923511F292}.Debug|Any CPU.ActiveCfg = Debug|Any CPU
		{E5CD2ABF-8F58-4A1F-9270-C2923511F292}.Debug|Any CPU.Build.0 = Debug|Any CPU
		{E5CD2ABF-8F58-4A1F-9270-C2923511F292}.Debug|x64.ActiveCfg = Debug|Any CPU
		{E5CD2ABF-8F58-4A1F-9270-C2923511F292}.Debug|x64.Build.0 = Debug|Any CPU
		{E5CD2ABF-8F58-4A1F-9270-C2923511F292}.Debug|x86.ActiveCfg = Debug|Any CPU
		{E5CD2ABF-8F58-4A1F-9270-C2923511F292}.Debug|x86.Build.0 = Debug|Any CPU
		{E5CD2ABF-8F58-4A1F-9270-C2923511F292}.Release|Any CPU.ActiveCfg = Release|Any CPU
		{E5CD2ABF-8F58-4A1F-9270-C2923511F292}.Release|Any CPU.Build.0 = Release|Any CPU
		{E5CD2ABF-8F58-4A1F-9270-C2923511F292}.Release|x64.ActiveCfg = Release|Any CPU
		{E5CD2ABF-8F58-4A1F-9270-C2923511F292}.Release|x64.Build.0 = Release|Any CPU
		{E5CD2ABF-8F58-4A1F-9270-C2923511F292}.Release|x86.ActiveCfg = Release|Any CPU
		{E5CD2ABF-8F58-4A1F-9270-C2923511F292}.Release|x86.Build.0 = Release|Any CPU
		{C6038710-A0A9-4891-AE86-29053880183F}.Debug|Any CPU.ActiveCfg = Debug|Any CPU
		{C6038710-A0A9-4891-AE86-29053880183F}.Debug|Any CPU.Build.0 = Debug|Any CPU
		{C6038710-A0A9-4891-AE86-29053880183F}.Debug|x64.ActiveCfg = Debug|Any CPU
		{C6038710-A0A9-4891-AE86-29053880183F}.Debug|x64.Build.0 = Debug|Any CPU
		{C6038710-A0A9-4891-AE86-29053880183F}.Debug|x86.ActiveCfg = Debug|Any CPU
		{C6038710-A0A9-4891-AE86-29053880183F}.Debug|x86.Build.0 = Debug|Any CPU
		{C6038710-A0A9-4891-AE86-29053880183F}.Release|Any CPU.ActiveCfg = Release|Any CPU
		{C6038710-A0A9-4891-AE86-29053880183F}.Release|Any CPU.Build.0 = Release|Any CPU
		{C6038710-A0A9-4891-AE86-29053880183F}.Release|x64.ActiveCfg = Release|Any CPU
		{C6038710-A0A9-4891-AE86-29053880183F}.Release|x64.Build.0 = Release|Any CPU
		{C6038710-A0A9-4891-AE86-29053880183F}.Release|x86.ActiveCfg = Release|Any CPU
		{C6038710-A0A9-4891-AE86-29053880183F}.Release|x86.Build.0 = Release|Any CPU
		{5D862C96-3215-4BFC-B8C8-AD3F4C4E36A5}.Debug|Any CPU.ActiveCfg = Debug|Any CPU
		{5D862C96-3215-4BFC-B8C8-AD3F4C4E36A5}.Debug|Any CPU.Build.0 = Debug|Any CPU
		{5D862C96-3215-4BFC-B8C8-AD3F4C4E36A5}.Debug|x64.ActiveCfg = Debug|Any CPU
		{5D862C96-3215-4BFC-B8C8-AD3F4C4E36A5}.Debug|x64.Build.0 = Debug|Any CPU
		{5D862C96-3215-4BFC-B8C8-AD3F4C4E36A5}.Debug|x86.ActiveCfg = Debug|Any CPU
		{5D862C96-3215-4BFC-B8C8-AD3F4C4E36A5}.Debug|x86.Build.0 = Debug|Any CPU
		{5D862C96-3215-4BFC-B8C8-AD3F4C4E36A5}.Release|Any CPU.ActiveCfg = Release|Any CPU
		{5D862C96-3215-4BFC-B8C8-AD3F4C4E36A5}.Release|Any CPU.Build.0 = Release|Any CPU
		{5D862C96-3215-4BFC-B8C8-AD3F4C4E36A5}.Release|x64.ActiveCfg = Release|Any CPU
		{5D862C96-3215-4BFC-B8C8-AD3F4C4E36A5}.Release|x64.Build.0 = Release|Any CPU
		{5D862C96-3215-4BFC-B8C8-AD3F4C4E36A5}.Release|x86.ActiveCfg = Release|Any CPU
		{5D862C96-3215-4BFC-B8C8-AD3F4C4E36A5}.Release|x86.Build.0 = Release|Any CPU
		{85CBC1D5-E0A1-42D4-B050-3FF84EDD80A3}.Debug|Any CPU.ActiveCfg = Debug|Any CPU
		{85CBC1D5-E0A1-42D4-B050-3FF84EDD80A3}.Debug|Any CPU.Build.0 = Debug|Any CPU
		{85CBC1D5-E0A1-42D4-B050-3FF84EDD80A3}.Debug|x64.ActiveCfg = Debug|Any CPU
		{85CBC1D5-E0A1-42D4-B050-3FF84EDD80A3}.Debug|x64.Build.0 = Debug|Any CPU
		{85CBC1D5-E0A1-42D4-B050-3FF84EDD80A3}.Debug|x86.ActiveCfg = Debug|Any CPU
		{85CBC1D5-E0A1-42D4-B050-3FF84EDD80A3}.Debug|x86.Build.0 = Debug|Any CPU
		{85CBC1D5-E0A1-42D4-B050-3FF84EDD80A3}.Release|Any CPU.ActiveCfg = Release|Any CPU
		{85CBC1D5-E0A1-42D4-B050-3FF84EDD80A3}.Release|Any CPU.Build.0 = Release|Any CPU
		{85CBC1D5-E0A1-42D4-B050-3FF84EDD80A3}.Release|x64.ActiveCfg = Release|Any CPU
		{85CBC1D5-E0A1-42D4-B050-3FF84EDD80A3}.Release|x64.Build.0 = Release|Any CPU
		{85CBC1D5-E0A1-42D4-B050-3FF84EDD80A3}.Release|x86.ActiveCfg = Release|Any CPU
		{85CBC1D5-E0A1-42D4-B050-3FF84EDD80A3}.Release|x86.Build.0 = Release|Any CPU
	EndGlobalSection
	GlobalSection(SolutionProperties) = preSolution
		HideSolutionNode = FALSE
	EndGlobalSection
EndGlobal
